{
  "version": 1,
  "dependencies": {
    "net8.0": {
      "Grpc.AspNetCore": {
        "type": "Direct",
        "requested": "[2.41.0, )",
        "resolved": "2.41.0",
        "contentHash": "JMwlIpaI6QnuO/LaHu40Oiq1ssIJTi4Q9z+MsKDeL8rqp9HFBzhepYnoWxXZZiahgLaC2kVDlcxbYuzucImBgQ==",
        "dependencies": {
          "Google.Protobuf": "3.18.0",
          "Grpc.AspNetCore.Server.ClientFactory": "2.41.0",
          "Grpc.Tools": "2.41.0"
        }
      },
      "Google.Protobuf": {
        "type": "Transitive",
        "resolved": "3.18.0",
        "contentHash": "Jm6+nppUm9LD+XVsLFkf1YyVlAKsG5gq+Hc/Rn3Zi2pDObBI6PCH/eHBFUJdARl40DpczEdHlV3+WTPOGIXetg=="
      },
      "Grpc.AspNetCore.Server": {
        "type": "Transitive",
        "resolved": "2.41.0",
        "contentHash": "Snbmre+4zd7w5SKmaAq49G6l3eXpKwn6d//ph2klloVEradOvvMd1q2bYybG4Ryr6YU6bN2zJRpUQjKZy1JZug==",
        "dependencies": {
          "Grpc.Net.Common": "2.41.0"
        }
      },
      "Grpc.AspNetCore.Server.ClientFactory": {
        "type": "Transitive",
        "resolved": "2.41.0",
        "contentHash": "no6+pmtH4PEqRyomEG0eQlPaO4hEY5bBDvEWfn6bVz1eRlE22L2+/XZay7AzIkrILsnm+GZIngEdnK8onfrJkQ==",
        "dependencies": {
          "Grpc.AspNetCore.Server": "2.41.0",
          "Grpc.Net.ClientFactory": "2.41.0"
        }
      },
      "Grpc.Core.Api": {
        "type": "Transitive",
        "resolved": "2.41.0",
        "contentHash": "bQ/mLaeACJ16hINQzKZA0ge648acF0OUiHd8JMdvpywJ41UFilDOd+t3yDG0M2XxgbB98z8EUf0HnprHLOO0qg==",
        "dependencies": {
          "System.Memory": "4.5.3"
        }
      },
      "Grpc.Net.Client": {
        "type": "Transitive",
        "resolved": "2.41.0",
        "contentHash": "hKuRI7eHxIdrBtricxXuNu+vzjErt7n+zcIr47M56pnajKnzFlG4zwLiPCuxKC22cZTI5S6ef50jCrI/vQrL2w==",
        "dependencies": {
          "Grpc.Net.Common": "2.41.0",
          "Microsoft.Extensions.Logging.Abstractions": "3.0.3"
        }
      },
      "Grpc.Net.ClientFactory": {
        "type": "Transitive",
        "resolved": "2.41.0",
        "contentHash": "8uUxz9Sbpz7dudq3i2hBfmaRbLHImFcGx1Kn9CtpGtBok3WXL7FepUj0SIU4Iv95VQNYbefi41mIGxFylAO6Mg==",
        "dependencies": {
          "Grpc.Net.Client": "2.41.0",
          "Microsoft.Extensions.Http": "3.0.3"
        }
      },
      "Grpc.Net.Common": {
        "type": "Transitive",
        "resolved": "2.41.0",
        "contentHash": "Mcb6ybFRZYEqn1UVpfCADL2HSTJSK9+V2BBLyS6vebMNkmGwqa0KQ3x++kC+n28MAP4BlrR+jxW0XGNP6V9amw==",
        "dependencies": {
          "Grpc.Core.Api": "2.41.0"
        }
      },
      "Grpc.Tools": {
        "type": "Transitive",
        "resolved": "2.41.0",
        "contentHash": "u5jiyjo/ZX9O3WlrxEcM5yrnA45G+CM3ukMhDGZnaeXChqCNJEZDpayBiEAdeD4FZ/pAaGDr4rn1SpaHxLtPrw=="
      },
      "Microsoft.Extensions.Configuration": {
        "type": "Transitive",
        "resolved": "3.0.3",
        "contentHash": "0F/MLd7yOSjhswQSFO6tkTREHxBffE/AS9gnvtx1jVFaKNdJPEj+2KOdREmYZ4Orpvf4nwXGwbRpX5SLlwIPEw==",
        "dependencies": {
          "Microsoft.Extensions.Configuration.Abstractions": "3.0.3"
        }
      },
      "Microsoft.Extensions.Configuration.Abstractions": {
        "type": "Transitive",
        "resolved": "3.0.3",
        "contentHash": "ND+ka7njp3HgVJCVn0YgpuxbFWBOCkcQaK+UBGJNseDhjz6I/qpXmCqLK+nXSzxU7cdscFWnUJS6wjEEEkMvSQ==",
        "dependencies": {
          "Microsoft.Extensions.Primitives": "3.0.3"
        }
      },
      "Microsoft.Extensions.Configuration.Binder": {
        "type": "Transitive",
        "resolved": "3.0.3",
        "contentHash": "hRmuReZgWqWqko4RXaGd/DP9L7380+HafHgbR5CMc7AZYmoLpUmeV8O8sgZqJONCbzg1q0Sz8U8Gy99eETpGPA==",
        "dependencies": {
          "Microsoft.Extensions.Configuration": "3.0.3"
        }
      },
      "Microsoft.Extensions.DependencyInjection": {
        "type": "Transitive",
        "resolved": "3.0.3",
        "contentHash": "Vu59TuHl3zoRI8vwK6gQL2EbWI2Qf/uBHFkSJXb4pgNvW7g8yK6Gn3v1bXDIKbMKEneTApriHfCVde0O314K+g==",
        "dependencies": {
          "Microsoft.Extensions.DependencyInjection.Abstractions": "3.0.3"
        }
      },
      "Microsoft.Extensions.DependencyInjection.Abstractions": {
        "type": "Transitive",
        "resolved": "3.0.3",
        "contentHash": "Wb1ejBzHhCvp7VMr+M7vlHoXb68mJ89IHj4L+TzL8yA+X7Iz2UTAEkl8aIbhRloroYJw5zvlIPtKF5uA4wFlxw=="
      },
      "Microsoft.Extensions.Http": {
        "type": "Transitive",
        "resolved": "3.0.3",
        "contentHash": "dcyB8szIcSynjVZRuFgqkZpPgTc5zeRSj1HMXSmNqWbHYKiPYJl8ZQgBHz6wmZNSUUNGpCs5uxUg8DZHHDC1Ew==",
        "dependencies": {
          "Microsoft.Extensions.DependencyInjection.Abstractions": "3.0.3",
          "Microsoft.Extensions.Logging": "3.0.3",
          "Microsoft.Extensions.Options": "3.0.3"
        }
      },
      "Microsoft.Extensions.Logging": {
        "type": "Transitive",
        "resolved": "3.0.3",
        "contentHash": "uAZppu6kWIgS+VtVjqmhh+k3bMztwWQR5HYxI++Cn5Kz5m099g0KJ+krUrckaZP9NqIplQu63tPR5YpNWnjLuw==",
        "dependencies": {
          "Microsoft.Extensions.Configuration.Binder": "3.0.3",
          "Microsoft.Extensions.DependencyInjection": "3.0.3",
          "Microsoft.Extensions.Logging.Abstractions": "3.0.3",
          "Microsoft.Extensions.Options": "3.0.3"
        }
      },
      "Microsoft.Extensions.Logging.Abstractions": {
        "type": "Transitive",
        "resolved": "3.0.3",
        "contentHash": "m2Jyi/MEn043WMI1I6J1ALuCThktZ93rd7eqzYeLmMcA0bdZC+TBVl0LuEbEWM01dWeeBjOoagjNwQTzOi2r6A=="
      },
      "Microsoft.Extensions.Options": {
        "type": "Transitive",
        "resolved": "3.0.3",
        "contentHash": "cvP/w0kyT9TmrDPMY2ZHJBWx+gRH0jHKaJPkzN47UBpLLC4KbqVU5AoCMK47+ZChlINhqJX2WTflbLe5KufD/A==",
        "dependencies": {
          "Microsoft.Extensions.DependencyInjection.Abstractions": "3.0.3",
          "Microsoft.Extensions.Primitives": "3.0.3"
        }
      },
      "Microsoft.Extensions.Primitives": {
        "type": "Transitive",
        "resolved": "3.0.3",
        "contentHash": "eJuAFVIH9zUZ7j7tCSbJD+tS0dueENIerwoGxFL8RYqCmbEqQ7wVOG+mt2mZAbEpnMPsGl1Fc/HIhWpB9ftwhg=="
      },
      "System.Memory": {
        "type": "Transitive",
        "resolved": "4.5.3",
        "contentHash": "3oDzvc/zzetpTKWMShs1AADwZjQ/36HnsufHRPcOjyRAAMLDlu2iD33MBI2opxnezcVUtXyqDXXjoFMOU9c7SA=="
      },
      "library": {
        "type": "Project"
      }
    }
  }
}